
Microsoft Visual Studio Solution File, Format Version 12.00
# Visual Studio Version 16
VisualStudioVersion = 16.0.31515.178
MinimumVisualStudioVersion = 10.0.40219.1
Project("{9A19103F-16F7-4668-BE54-9A1E7A4F7556}") = "Infraestrutura", "Infraestrutura\Infraestrutura.csproj", "{0873BF13-C8EB-4FCC-8BA9-CF81C0CC7800}"
EndProject
Project("{9A19103F-16F7-4668-BE54-9A1E7A4F7556}") = "Core", "Core\Core.csproj", "{95E5189D-02B8-4641-A002-850898830B4E}"
EndProject
Project("{9A19103F-16F7-4668-BE54-9A1E7A4F7556}") = "Web", "Web\Web.csproj", "{F534B48A-5B73-4DBC-8295-D5F225A75A1A}"
EndProject
Project("{FAE04EC0-301F-11D3-BF4B-00C04F79EFBC}") = "Servicos", "Servicos\Servicos.csproj", "{F79A4B8B-B038-4DAA-A897-9D4A0FCD11D1}"
EndProject
Global
	GlobalSection(SolutionConfigurationPlatforms) = preSolution
		Debug|Any CPU = Debug|Any CPU
		Release|Any CPU = Release|Any CPU
	EndGlobalSection
	GlobalSection(ProjectConfigurationPlatforms) = postSolution
		{0873BF13-C8EB-4FCC-8BA9-CF81C0CC7800}.Debug|Any CPU.ActiveCfg = Debug|Any CPU
		{0873BF13-C8EB-4FCC-8BA9-CF81C0CC7800}.Debug|Any CPU.Build.0 = Debug|Any CPU
		{0873BF13-C8EB-4FCC-8BA9-CF81C0CC7800}.Release|Any CPU.ActiveCfg = Release|Any CPU
		{0873BF13-C8EB-4FCC-8BA9-CF81C0CC7800}.Release|Any CPU.Build.0 = Release|Any CPU
		{95E5189D-02B8-4641-A002-850898830B4E}.Debug|Any CPU.ActiveCfg = Debug|Any CPU
		{95E5189D-02B8-4641-A002-850898830B4E}.Debug|Any CPU.Build.0 = Debug|Any CPU
		{95E5189D-02B8-4641-A002-850898830B4E}.Release|Any CPU.ActiveCfg = Release|Any CPU
		{95E5189D-02B8-4641-A002-850898830B4E}.Release|Any CPU.Build.0 = Release|Any CPU
		{F534B48A-5B73-4DBC-8295-D5F225A75A1A}.Debug|Any CPU.ActiveCfg = Debug|Any CPU
		{F534B48A-5B73-4DBC-8295-D5F225A75A1A}.Debug|Any CPU.Build.0 = Debug|Any CPU
		{F534B48A-5B73-4DBC-8295-D5F225A75A1A}.Release|Any CPU.ActiveCfg = Release|Any CPU
		{F534B48A-5B73-4DBC-8295-D5F225A75A1A}.Release|Any CPU.Build.0 = Release|Any CPU
		{F79A4B8B-B038-4DAA-A897-9D4A0FCD11D1}.Debug|Any CPU.ActiveCfg = Debug|Any CPU
		{F79A4B8B-B038-4DAA-A897-9D4A0FCD11D1}.Debug|Any CPU.Build.0 = Debug|Any CPU
		{F79A4B8B-B038-4DAA-A897-9D4A0FCD11D1}.Release|Any CPU.ActiveCfg = Release|Any CPU
		{F79A4B8B-B038-4DAA-A897-9D4A0FCD11D1}.Release|Any CPU.Build.0 = Release|Any CPU
	EndGlobalSection
	GlobalSection(SolutionProperties) = preSolution
		HideSolutionNode = FALSE
	EndGlobalSection
	GlobalSection(ExtensibilityGlobals) = postSolution
		SolutionGuid = {27230426-19A8-4925-935D-B264E77A2CE0}
	EndGlobalSection
EndGlobal
